
Microsoft Visual Studio Solution File, Format Version 12.00
# Visual Studio Version 16
VisualStudioVersion = 16.0.29926.136
MinimumVisualStudioVersion = 10.0.40219.1
Project("{FAE04EC0-301F-11D3-BF4B-00C04F79EFBC}") = "TP_LP_4459_6163", "PetLovers\TP_LP_4459_6163.csproj", "{51AF8AF1-8279-475B-8399-42E749FE1075}"
EndProject
Project("{FAE04EC0-301F-11D3-BF4B-00C04F79EFBC}") = "BO", "BO\BO.csproj", "{F64E0596-8B20-4864-AC31-90357B78A7D6}"
EndProject
Project("{FAE04EC0-301F-11D3-BF4B-00C04F79EFBC}") = "DAL", "DAL\DAL.csproj", "{942E6554-C6C0-4E15-B404-EA4775957982}"
EndProject
Project("{FAE04EC0-301F-11D3-BF4B-00C04F79EFBC}") = "BR", "BR\BR.csproj", "{FDB629C5-2912-4B87-BA83-B513FE6E72A5}"
EndProject
Global
	GlobalSection(SolutionConfigurationPlatforms) = preSolution
		Debug|Any CPU = Debug|Any CPU
		Release|Any CPU = Release|Any CPU
	EndGlobalSection
	GlobalSection(ProjectConfigurationPlatforms) = postSolution
		{51AF8AF1-8279-475B-8399-42E749FE1075}.Debug|Any CPU.ActiveCfg = Debug|Any CPU
		{51AF8AF1-8279-475B-8399-42E749FE1075}.Debug|Any CPU.Build.0 = Debug|Any CPU
		{51AF8AF1-8279-475B-8399-42E749FE1075}.Release|Any CPU.ActiveCfg = Release|Any CPU
		{51AF8AF1-8279-475B-8399-42E749FE1075}.Release|Any CPU.Build.0 = Release|Any CPU
		{F64E0596-8B20-4864-AC31-90357B78A7D6}.Debug|Any CPU.ActiveCfg = Debug|Any CPU
		{F64E0596-8B20-4864-AC31-90357B78A7D6}.Debug|Any CPU.Build.0 = Debug|Any CPU
		{F64E0596-8B20-4864-AC31-90357B78A7D6}.Release|Any CPU.ActiveCfg = Release|Any CPU
		{F64E0596-8B20-4864-AC31-90357B78A7D6}.Release|Any CPU.Build.0 = Release|Any CPU
		{942E6554-C6C0-4E15-B404-EA4775957982}.Debug|Any CPU.ActiveCfg = Debug|Any CPU
		{942E6554-C6C0-4E15-B404-EA4775957982}.Debug|Any CPU.Build.0 = Debug|Any CPU
		{942E6554-C6C0-4E15-B404-EA4775957982}.Release|Any CPU.ActiveCfg = Release|Any CPU
		{942E6554-C6C0-4E15-B404-EA4775957982}.Release|Any CPU.Build.0 = Release|Any CPU
		{FDB629C5-2912-4B87-BA83-B513FE6E72A5}.Debug|Any CPU.ActiveCfg = Debug|Any CPU
		{FDB629C5-2912-4B87-BA83-B513FE6E72A5}.Debug|Any CPU.Build.0 = Debug|Any CPU
		{FDB629C5-2912-4B87-BA83-B513FE6E72A5}.Release|Any CPU.ActiveCfg = Release|Any CPU
		{FDB629C5-2912-4B87-BA83-B513FE6E72A5}.Release|Any CPU.Build.0 = Release|Any CPU
	EndGlobalSection
	GlobalSection(SolutionProperties) = preSolution
		HideSolutionNode = FALSE
	EndGlobalSection
	GlobalSection(ExtensibilityGlobals) = postSolution
		SolutionGuid = {5E2668B5-822F-4F03-9675-906B51DE7463}
	EndGlobalSection
EndGlobal
